// !$*UTF8*$!
{
	archiveVersion = 1;
	classes = {
	};
	objectVersion = 48;
	objects = {

/* Begin PBXBuildFile section */
		7F3AE56F203D64B80019D0BE /* AppDelegate.swift in Sources */ = {isa = PBXBuildFile; fileRef = 7F3AE56E203D64B80019D0BE /* AppDelegate.swift */; };
		7F3AE571203D64B80019D0BE /* ViewController.swift in Sources */ = {isa = PBXBuildFile; fileRef = 7F3AE570203D64B80019D0BE /* ViewController.swift */; };
		7F3AE574203D64B80019D0BE /* Main.storyboard in Resources */ = {isa = PBXBuildFile; fileRef = 7F3AE572203D64B80019D0BE /* Main.storyboard */; };
		7F3AE576203D64B80019D0BE /* Assets.xcassets in Resources */ = {isa = PBXBuildFile; fileRef = 7F3AE575203D64B80019D0BE /* Assets.xcassets */; };
		7F3AE579203D64B80019D0BE /* LaunchScreen.storyboard in Resources */ = {isa = PBXBuildFile; fileRef = 7F3AE577203D64B80019D0BE /* LaunchScreen.storyboard */; };
		7F3AE584203D64B80019D0BE /* pruebas_orbitas3Tests.swift in Sources */ = {isa = PBXBuildFile; fileRef = 7F3AE583203D64B80019D0BE /* pruebas_orbitas3Tests.swift */; };
		7F3AE58F203D64B80019D0BE /* pruebas_orbitas3UITests.swift in Sources */ = {isa = PBXBuildFile; fileRef = 7F3AE58E203D64B80019D0BE /* pruebas_orbitas3UITests.swift */; };
/* End PBXBuildFile section */

/* Begin PBXContainerItemProxy section */
		7F3AE580203D64B80019D0BE /* PBXContainerItemProxy */ = {
			isa = PBXContainerItemProxy;
			containerPortal = 7F3AE563203D64B80019D0BE /* Project object */;
			proxyType = 1;
			remoteGlobalIDString = 7F3AE56A203D64B80019D0BE;
			remoteInfo = pruebas_orbitas3;
		};
		7F3AE58B203D64B80019D0BE /* PBXContainerItemProxy */ = {
			isa = PBXContainerItemProxy;
			containerPortal = 7F3AE563203D64B80019D0BE /* Project object */;
			proxyType = 1;
			remoteGlobalIDString = 7F3AE56A203D64B80019D0BE;
			remoteInfo = pruebas_orbitas3;
		};
/* End PBXContainerItemProxy section */

/* Begin PBXFileReference section */
		7F3AE56B203D64B80019D0BE /* pruebas_orbitas3.app */ = {isa = PBXFileReference; explicitFileType = wrapper.application; includeInIndex = 0; path = pruebas_orbitas3.app; sourceTree = BUILT_PRODUCTS_DIR; };
		7F3AE56E203D64B80019D0BE /* AppDelegate.swift */ = {isa = PBXFileReference; lastKnownFileType = sourcecode.swift; path = AppDelegate.swift; sourceTree = "<group>"; };
		7F3AE570203D64B80019D0BE /* ViewController.swift */ = {isa = PBXFileReference; lastKnownFileType = sourcecode.swift; path = ViewController.swift; sourceTree = "<group>"; };
		7F3AE573203D64B80019D0BE /* Base */ = {isa = PBXFileReference; lastKnownFileType = file.storyboard; name = Base; path = Base.lproj/Main.storyboard; sourceTree = "<group>"; };
		7F3AE575203D64B80019D0BE /* Assets.xcassets */ = {isa = PBXFileReference; lastKnownFileType = folder.assetcatalog; path = Assets.xcassets; sourceTree = "<group>"; };
		7F3AE578203D64B80019D0BE /* Base */ = {isa = PBXFileReference; lastKnownFileType = file.storyboard; name = Base; path = Base.lproj/LaunchScreen.storyboard; sourceTree = "<group>"; };
		7F3AE57A203D64B80019D0BE /* Info.plist */ = {isa = PBXFileReference; lastKnownFileType = text.plist.xml; path = Info.plist; sourceTree = "<group>"; };
		7F3AE57F203D64B80019D0BE /* pruebas_orbitas3Tests.xctest */ = {isa = PBXFileReference; explicitFileType = wrapper.cfbundle; includeInIndex = 0; path = pruebas_orbitas3Tests.xctest; sourceTree = BUILT_PRODUCTS_DIR; };
		7F3AE583203D64B80019D0BE /* pruebas_orbitas3Tests.swift */ = {isa = PBXFileReference; lastKnownFileType = sourcecode.swift; path = pruebas_orbitas3Tests.swift; sourceTree = "<group>"; };
		7F3AE585203D64B80019D0BE /* Info.plist */ = {isa = PBXFileReference; lastKnownFileType = text.plist.xml; path = Info.plist; sourceTree = "<group>"; };
		7F3AE58A203D64B80019D0BE /* pruebas_orbitas3UITests.xctest */ = {isa = PBXFileReference; explicitFileType = wrapper.cfbundle; includeInIndex = 0; path = pruebas_orbitas3UITests.xctest; sourceTree = BUILT_PRODUCTS_DIR; };
		7F3AE58E203D64B80019D0BE /* pruebas_orbitas3UITests.swift */ = {isa = PBXFileReference; lastKnownFileType = sourcecode.swift; path = pruebas_orbitas3UITests.swift; sourceTree = "<group>"; };
		7F3AE590203D64B80019D0BE /* Info.plist */ = {isa = PBXFileReference; lastKnownFileType = text.plist.xml; path = Info.plist; sourceTree = "<group>"; };
/* End PBXFileReference section */

/* Begin PBXFrameworksBuildPhase section */
		7F3AE568203D64B80019D0BE /* Frameworks */ = {
			isa = PBXFrameworksBuildPhase;
			buildActionMask = 2147483647;
			files = (
			);
			runOnlyForDeploymentPostprocessing = 0;
		};
		7F3AE57C203D64B80019D0BE /* Frameworks */ = {
			isa = PBXFrameworksBuildPhase;
			buildActionMask = 2147483647;
			files = (
			);
			runOnlyForDeploymentPostprocessing = 0;
		};
		7F3AE587203D64B80019D0BE /* Frameworks */ = {
			isa = PBXFrameworksBuildPhase;
			buildActionMask = 2147483647;
			files = (
			);
			runOnlyForDeploymentPostprocessing = 0;
		};
/* End PBXFrameworksBuildPhase section */

/* Begin PBXGroup section */
		7F3AE562203D64B80019D0BE = {
			isa = PBXGroup;
			children = (
				7F3AE56D203D64B80019D0BE /* pruebas_orbitas3 */,
				7F3AE582203D64B80019D0BE /* pruebas_orbitas3Tests */,
				7F3AE58D203D64B80019D0BE /* pruebas_orbitas3UITests */,
				7F3AE56C203D64B80019D0BE /* Products */,
			);
			sourceTree = "<group>";
		};
		7F3AE56C203D64B80019D0BE /* Products */ = {
			isa = PBXGroup;
			children = (
				7F3AE56B203D64B80019D0BE /* pruebas_orbitas3.app */,
				7F3AE57F203D64B80019D0BE /* pruebas_orbitas3Tests.xctest */,
				7F3AE58A203D64B80019D0BE /* pruebas_orbitas3UITests.xctest */,
			);
			name = Products;
			sourceTree = "<group>";
		};
		7F3AE56D203D64B80019D0BE /* pruebas_orbitas3 */ = {
			isa = PBXGroup;
			children = (
				7F3AE56E203D64B80019D0BE /* AppDelegate.swift */,
				7F3AE570203D64B80019D0BE /* ViewController.swift */,
				7F3AE572203D64B80019D0BE /* Main.storyboard */,
				7F3AE575203D64B80019D0BE /* Assets.xcassets */,
				7F3AE577203D64B80019D0BE /* LaunchScreen.storyboard */,
				7F3AE57A203D64B80019D0BE /* Info.plist */,
			);
			path = pruebas_orbitas3;
			sourceTree = "<group>";
		};
		7F3AE582203D64B80019D0BE /* pruebas_orbitas3Tests */ = {
			isa = PBXGroup;
			children = (
				7F3AE583203D64B80019D0BE /* pruebas_orbitas3Tests.swift */,
				7F3AE585203D64B80019D0BE /* Info.plist */,
			);
			path = pruebas_orbitas3Tests;
			sourceTree = "<group>";
		};
		7F3AE58D203D64B80019D0BE /* pruebas_orbitas3UITests */ = {
			isa = PBXGroup;
			children = (
				7F3AE58E203D64B80019D0BE /* pruebas_orbitas3UITests.swift */,
				7F3AE590203D64B80019D0BE /* Info.plist */,
			);
			path = pruebas_orbitas3UITests;
			sourceTree = "<group>";
		};
/* End PBXGroup section */

/* Begin PBXNativeTarget section */
		7F3AE56A203D64B80019D0BE /* pruebas_orbitas3 */ = {
			isa = PBXNativeTarget;
			buildConfigurationList = 7F3AE593203D64B80019D0BE /* Build configuration list for PBXNativeTarget "pruebas_orbitas3" */;
			buildPhases = (
				7F3AE567203D64B80019D0BE /* Sources */,
				7F3AE568203D64B80019D0BE /* Frameworks */,
				7F3AE569203D64B80019D0BE /* Resources */,
			);
			buildRules = (
			);
			dependencies = (
			);
			name = pruebas_orbitas3;
			productName = pruebas_orbitas3;
			productReference = 7F3AE56B203D64B80019D0BE /* pruebas_orbitas3.app */;
			productType = "com.apple.product-type.application";
		};
		7F3AE57E203D64B80019D0BE /* pruebas_orbitas3Tests */ = {
			isa = PBXNativeTarget;
			buildConfigurationList = 7F3AE596203D64B80019D0BE /* Build configuration list for PBXNativeTarget "pruebas_orbitas3Tests" */;
			buildPhases = (
				7F3AE57B203D64B80019D0BE /* Sources */,
				7F3AE57C203D64B80019D0BE /* Frameworks */,
				7F3AE57D203D64B80019D0BE /* Resources */,
			);
			buildRules = (
			);
			dependencies = (
				7F3AE581203D64B80019D0BE /* PBXTargetDependency */,
			);
			name = pruebas_orbitas3Tests;
			productName = pruebas_orbitas3Tests;
			productReference = 7F3AE57F203D64B80019D0BE /* pruebas_orbitas3Tests.xctest */;
			productType = "com.apple.product-type.bundle.unit-test";
		};
		7F3AE589203D64B80019D0BE /* pruebas_orbitas3UITests */ = {
			isa = PBXNativeTarget;
			buildConfigurationList = 7F3AE599203D64B80019D0BE /* Build configuration list for PBXNativeTarget "pruebas_orbitas3UITests" */;
			buildPhases = (
				7F3AE586203D64B80019D0BE /* Sources */,
				7F3AE587203D64B80019D0BE /* Frameworks */,
				7F3AE588203D64B80019D0BE /* Resources */,
			);
			buildRules = (
			);
			dependencies = (
				7F3AE58C203D64B80019D0BE /* PBXTargetDependency */,
			);
			name = pruebas_orbitas3UITests;
			productName = pruebas_orbitas3UITests;
			productReference = 7F3AE58A203D64B80019D0BE /* pruebas_orbitas3UITests.xctest */;
			productType = "com.apple.product-type.bundle.ui-testing";
		};
/* End PBXNativeTarget section */

/* Begin PBXProject section */
		7F3AE563203D64B80019D0BE /* Project object */ = {
			isa = PBXProject;
			attributes = {
				LastSwiftUpdateCheck = 0920;
				LastUpgradeCheck = 0920;
				ORGANIZATIONNAME = cev;
				TargetAttributes = {
					7F3AE56A203D64B80019D0BE = {
						CreatedOnToolsVersion = 9.2;
						ProvisioningStyle = Automatic;
					};
					7F3AE57E203D64B80019D0BE = {
						CreatedOnToolsVersion = 9.2;
						ProvisioningStyle = Automatic;
						TestTargetID = 7F3AE56A203D64B80019D0BE;
					};
					7F3AE589203D64B80019D0BE = {
						CreatedOnToolsVersion = 9.2;
						ProvisioningStyle = Automatic;
						TestTargetID = 7F3AE56A203D64B80019D0BE;
					};
				};
			};
			buildConfigurationList = 7F3AE566203D64B80019D0BE /* Build configuration list for PBXProject "pruebas_orbitas3" */;
			compatibilityVersion = "Xcode 8.0";
			developmentRegion = en;
			hasScannedForEncodings = 0;
			knownRegions = (
				en,
				Base,
			);
			mainGroup = 7F3AE562203D64B80019D0BE;
			productRefGroup = 7F3AE56C203D64B80019D0BE /* Products */;
			projectDirPath = "";
			projectRoot = "";
			targets = (
				7F3AE56A203D64B80019D0BE /* pruebas_orbitas3 */,
				7F3AE57E203D64B80019D0BE /* pruebas_orbitas3Tests */,
				7F3AE589203D64B80019D0BE /* pruebas_orbitas3UITests */,
			);
		};
/* End PBXProject section */

/* Begin PBXResourcesBuildPhase section */
		7F3AE569203D64B80019D0BE /* Resources */ = {
			isa = PBXResourcesBuildPhase;
			buildActionMask = 2147483647;
			files = (
				7F3AE579203D64B80019D0BE /* LaunchScreen.storyboard in Resources */,
				7F3AE576203D64B80019D0BE /* Assets.xcassets in Resources */,
				7F3AE574203D64B80019D0BE /* Main.storyboard in Resources */,
			);
			runOnlyForDeploymentPostprocessing = 0;
		};
		7F3AE57D203D64B80019D0BE /* Resources */ = {
			isa = PBXResourcesBuildPhase;
			buildActionMask = 2147483647;
			files = (
			);
			runOnlyForDeploymentPostprocessing = 0;
		};
		7F3AE588203D64B80019D0BE /* Resources */ = {
			isa = PBXResourcesBuildPhase;
			buildActionMask = 2147483647;
			files = (
			);
			runOnlyForDeploymentPostprocessing = 0;
		};
/* End PBXResourcesBuildPhase section */

/* Begin PBXSourcesBuildPhase section */
		7F3AE567203D64B80019D0BE /* Sources */ = {
			isa = PBXSourcesBuildPhase;
			buildActionMask = 2147483647;
			files = (
				7F3AE571203D64B80019D0BE /* ViewController.swift in Sources */,
				7F3AE56F203D64B80019D0BE /* AppDelegate.swift in Sources */,
			);
			runOnlyForDeploymentPostprocessing = 0;
		};
		7F3AE57B203D64B80019D0BE /* Sources */ = {
			isa = PBXSourcesBuildPhase;
			buildActionMask = 2147483647;
			files = (
				7F3AE584203D64B80019D0BE /* pruebas_orbitas3Tests.swift in Sources */,
			);
			runOnlyForDeploymentPostprocessing = 0;
		};
		7F3AE586203D64B80019D0BE /* Sources */ = {
			isa = PBXSourcesBuildPhase;
			buildActionMask = 2147483647;
			files = (
				7F3AE58F203D64B80019D0BE /* pruebas_orbitas3UITests.swift in Sources */,
			);
			runOnlyForDeploymentPostprocessing = 0;
		};
/* End PBXSourcesBuildPhase section */

/* Begin PBXTargetDependency section */
		7F3AE581203D64B80019D0BE /* PBXTargetDependency */ = {
			isa = PBXTargetDependency;
			target = 7F3AE56A203D64B80019D0BE /* pruebas_orbitas3 */;
			targetProxy = 7F3AE580203D64B80019D0BE /* PBXContainerItemProxy */;
		};
		7F3AE58C203D64B80019D0BE /* PBXTargetDependency */ = {
			isa = PBXTargetDependency;
			target = 7F3AE56A203D64B80019D0BE /* pruebas_orbitas3 */;
			targetProxy = 7F3AE58B203D64B80019D0BE /* PBXContainerItemProxy */;
		};
/* End PBXTargetDependency section */

/* Begin PBXVariantGroup section */
		7F3AE572203D64B80019D0BE /* Main.storyboard */ = {
			isa = PBXVariantGroup;
			children = (
				7F3AE573203D64B80019D0BE /* Base */,
			);
			name = Main.storyboard;
			sourceTree = "<group>";
		};
		7F3AE577203D64B80019D0BE /* LaunchScreen.storyboard */ = {
			isa = PBXVariantGroup;
			children = (
				7F3AE578203D64B80019D0BE /* Base */,
			);
			name = LaunchScreen.storyboard;
			sourceTree = "<group>";
		};
/* End PBXVariantGroup section */

/* Begin XCBuildConfiguration section */
		7F3AE591203D64B80019D0BE /* Debug */ = {
			isa = XCBuildConfiguration;
			buildSettings = {
				ALWAYS_SEARCH_USER_PATHS = NO;
				CLANG_ANALYZER_NONNULL = YES;
				CLANG_ANALYZER_NUMBER_OBJECT_CONVERSION = YES_AGGRESSIVE;
				CLANG_CXX_LANGUAGE_STANDARD = "gnu++14";
				CLANG_CXX_LIBRARY = "libc++";
				CLANG_ENABLE_MODULES = YES;
				CLANG_ENABLE_OBJC_ARC = YES;
				CLANG_WARN_BLOCK_CAPTURE_AUTORELEASING = YES;
				CLANG_WARN_BOOL_CONVERSION = YES;
				CLANG_WARN_COMMA = YES;
				CLANG_WARN_CONSTANT_CONVERSION = YES;
				CLANG_WARN_DIRECT_OBJC_ISA_USAGE = YES_ERROR;
				CLANG_WARN_DOCUMENTATION_COMMENTS = YES;
				CLANG_WARN_EMPTY_BODY = YES;
				CLANG_WARN_ENUM_CONVERSION = YES;
				CLANG_WARN_INFINITE_RECURSION = YES;
				CLANG_WARN_INT_CONVERSION = YES;
				CLANG_WARN_NON_LITERAL_NULL_CONVERSION = YES;
				CLANG_WARN_OBJC_LITERAL_CONVERSION = YES;
				CLANG_WARN_OBJC_ROOT_CLASS = YES_ERROR;
				CLANG_WARN_RANGE_LOOP_ANALYSIS = YES;
				CLANG_WARN_STRICT_PROTOTYPES = YES;
				CLANG_WARN_SUSPICIOUS_MOVE = YES;
				CLANG_WARN_UNGUARDED_AVAILABILITY = YES_AGGRESSIVE;
				CLANG_WARN_UNREACHABLE_CODE = YES;
				CLANG_WARN__DUPLICATE_METHOD_MATCH = YES;
				CODE_SIGN_IDENTITY = "iPhone Developer";
				COPY_PHASE_STRIP = NO;
				DEBUG_INFORMATION_FORMAT = dwarf;
				ENABLE_STRICT_OBJC_MSGSEND = YES;
				ENABLE_TESTABILITY = YES;
				GCC_C_LANGUAGE_STANDARD = gnu11;
				GCC_DYNAMIC_NO_PIC = NO;
				GCC_NO_COMMON_BLOCKS = YES;
				GCC_OPTIMIZATION_LEVEL = 0;
				GCC_PREPROCESSOR_DEFINITIONS = (
					"DEBUG=1",
					"$(inherited)",
				);
				GCC_WARN_64_TO_32_BIT_CONVERSION = YES;
				GCC_WARN_ABOUT_RETURN_TYPE = YES_ERROR;
				GCC_WARN_UNDECLARED_SELECTOR = YES;
				GCC_WARN_UNINITIALIZED_AUTOS = YES_AGGRESSIVE;
				GCC_WARN_UNUSED_FUNCTION = YES;
				GCC_WARN_UNUSED_VARIABLE = YES;
				IPHONEOS_DEPLOYMENT_TARGET = 11.2;
				MTL_ENABLE_DEBUG_INFO = YES;
				ONLY_ACTIVE_ARCH = YES;
				SDKROOT = iphoneos;
				SWIFT_ACTIVE_COMPILATION_CONDITIONS = DEBUG;
				SWIFT_OPTIMIZATION_LEVEL = "-Onone";
			};
			name = Debug;
		};
		7F3AE592203D64B80019D0BE /* Release */ = {
			isa = XCBuildConfiguration;
			buildSettings = {
				ALWAYS_SEARCH_USER_PATHS = NO;
				CLANG_ANALYZER_NONNULL = YES;
				CLANG_ANALYZER_NUMBER_OBJECT_CONVERSION = YES_AGGRESSIVE;
				CLANG_CXX_LANGUAGE_STANDARD = "gnu++14";
				CLANG_CXX_LIBRARY = "libc++";
				CLANG_ENABLE_MODULES = YES;
				CLANG_ENABLE_OBJC_ARC = YES;
				CLANG_WARN_BLOCK_CAPTURE_AUTORELEASING = YES;
				CLANG_WARN_BOOL_CONVERSION = YES;
				CLANG_WARN_COMMA = YES;
				CLANG_WARN_CONSTANT_CONVERSION = YES;
				CLANG_WARN_DIRECT_OBJC_ISA_USAGE = YES_ERROR;
				CLANG_WARN_DOCUMENTATION_COMMENTS = YES;
				CLANG_WARN_EMPTY_BODY = YES;
				CLANG_WARN_ENUM_CONVERSION = YES;
				CLANG_WARN_INFINITE_RECURSION = YES;
				CLANG_WARN_INT_CONVERSION = YES;
				CLANG_WARN_NON_LITERAL_NULL_CONVERSION = YES;
				CLANG_WARN_OBJC_LITERAL_CONVERSION = YES;
				CLANG_WARN_OBJC_ROOT_CLASS = YES_ERROR;
				CLANG_WARN_RANGE_LOOP_ANALYSIS = YES;
				CLANG_WARN_STRICT_PROTOTYPES = YES;
				CLANG_WARN_SUSPICIOUS_MOVE = YES;
				CLANG_WARN_UNGUARDED_AVAILABILITY = YES_AGGRESSIVE;
				CLANG_WARN_UNREACHABLE_CODE = YES;
				CLANG_WARN__DUPLICATE_METHOD_MATCH = YES;
				CODE_SIGN_IDENTITY = "iPhone Developer";
				COPY_PHASE_STRIP = NO;
				DEBUG_INFORMATION_FORMAT = "dwarf-with-dsym";
				ENABLE_NS_ASSERTIONS = NO;
				ENABLE_STRICT_OBJC_MSGSEND = YES;
				GCC_C_LANGUAGE_STANDARD = gnu11;
				GCC_NO_COMMON_BLOCKS = YES;
				GCC_WARN_64_TO_32_BIT_CONVERSION = YES;
				GCC_WARN_ABOUT_RETURN_TYPE = YES_ERROR;
				GCC_WARN_UNDECLARED_SELECTOR = YES;
				GCC_WARN_UNINITIALIZED_AUTOS = YES_AGGRESSIVE;
				GCC_WARN_UNUSED_FUNCTION = YES;
				GCC_WARN_UNUSED_VARIABLE = YES;
				IPHONEOS_DEPLOYMENT_TARGET = 11.2;
				MTL_ENABLE_DEBUG_INFO = NO;
				SDKROOT = iphoneos;
				SWIFT_OPTIMIZATION_LEVEL = "-Owholemodule";
				VALIDATE_PRODUCT = YES;
			};
			name = Release;
		};
		7F3AE594203D64B80019D0BE /* Debug */ = {
			isa = XCBuildConfiguration;
			buildSettings = {
				ASSETCATALOG_COMPILER_APPICON_NAME = AppIcon;
				CODE_SIGN_STYLE = Automatic;
				INFOPLIST_FILE = pruebas_orbitas3/Info.plist;
				LD_RUNPATH_SEARCH_PATHS = "$(inherited) @executable_path/Frameworks";
				PRODUCT_BUNDLE_IDENTIFIER = "cev.pruebas-orbitas3";
				PRODUCT_NAME = "$(TARGET_NAME)";
				SWIFT_VERSION = 4.0;
				TARGETED_DEVICE_FAMILY = "1,2";
			};
			name = Debug;
		};
		7F3AE595203D64B80019D0BE /* Release */ = {
			isa = XCBuildConfiguration;
			buildSettings = {
				ASSETCATALOG_COMPILER_APPICON_NAME = AppIcon;
				CODE_SIGN_STYLE = Automatic;
				INFOPLIST_FILE = pruebas_orbitas3/Info.plist;
				LD_RUNPATH_SEARCH_PATHS = "$(inherited) @executable_path/Frameworks";
				PRODUCT_BUNDLE_IDENTIFIER = "cev.pruebas-orbitas3";
				PRODUCT_NAME = "$(TARGET_NAME)";
				SWIFT_VERSION = 4.0;
				TARGETED_DEVICE_FAMILY = "1,2";
			};
			name = Release;
		};
		7F3AE597203D64B80019D0BE /* Debug */ = {
			isa = XCBuildConfiguration;
			buildSettings = {
				ALWAYS_EMBED_SWIFT_STANDARD_LIBRARIES = YES;
				BUNDLE_LOADER = "$(TEST_HOST)";
				CODE_SIGN_STYLE = Automatic;
				INFOPLIST_FILE = pruebas_orbitas3Tests/Info.plist;
				LD_RUNPATH_SEARCH_PATHS = "$(inherited) @executable_path/Frameworks @loader_path/Frameworks";
				PRODUCT_BUNDLE_IDENTIFIER = "cev.pruebas-orbitas3Tests";
				PRODUCT_NAME = "$(TARGET_NAME)";
				SWIFT_VERSION = 4.0;
				TARGETED_DEVICE_FAMILY = "1,2";
				TEST_HOST = "$(BUILT_PRODUCTS_DIR)/pruebas_orbitas3.app/pruebas_orbitas3";
			};
			name = Debug;
		};
		7F3AE598203D64B80019D0BE /* Release */ = {
			isa = XCBuildConfiguration;
			buildSettings = {
				ALWAYS_EMBED_SWIFT_STANDARD_LIBRARIES = YES;
				BUNDLE_LOADER = "$(TEST_HOST)";
				CODE_SIGN_STYLE = Automatic;
				INFOPLIST_FILE = pruebas_orbitas3Tests/Info.plist;
				LD_RUNPATH_SEARCH_PATHS = "$(inherited) @executable_path/Frameworks @loader_path/Frameworks";
				PRODUCT_BUNDLE_IDENTIFIER = "cev.pruebas-orbitas3Tests";
				PRODUCT_NAME = "$(TARGET_NAME)";
				SWIFT_VERSION = 4.0;
				TARGETED_DEVICE_FAMILY = "1,2";
				TEST_HOST = "$(BUILT_PRODUCTS_DIR)/pruebas_orbitas3.app/pruebas_orbitas3";
			};
			name = Release;
		};
		7F3AE59A203D64B80019D0BE /* Debug */ = {
			isa = XCBuildConfiguration;
			buildSettings = {
				ALWAYS_EMBED_SWIFT_STANDARD_LIBRARIES = YES;
				CODE_SIGN_STYLE = Automatic;
				INFOPLIST_FILE = pruebas_orbitas3UITests/Info.plist;
				LD_RUNPATH_SEARCH_PATHS = "$(inherited) @executable_path/Frameworks @loader_path/Frameworks";
				PRODUCT_BUNDLE_IDENTIFIER = "cev.pruebas-orbitas3UITests";
				PRODUCT_NAME = "$(TARGET_NAME)";
				SWIFT_VERSION = 4.0;
				TARGETED_DEVICE_FAMILY = "1,2";
				TEST_TARGET_NAME = pruebas_orbitas3;
			};
			name = Debug;
		};
		7F3AE59B203D64B80019D0BE /* Release */ = {
			isa = XCBuildConfiguration;
			buildSettings = {
				ALWAYS_EMBED_SWIFT_STANDARD_LIBRARIES = YES;
				CODE_SIGN_STYLE = Automatic;
				INFOPLIST_FILE = pruebas_orbitas3UITests/Info.plist;
				LD_RUNPATH_SEARCH_PATHS = "$(inherited) @executable_path/Frameworks @loader_path/Frameworks";
				PRODUCT_BUNDLE_IDENTIFIER = "cev.pruebas-orbitas3UITests";
				PRODUCT_NAME = "$(TARGET_NAME)";
				SWIFT_VERSION = 4.0;
				TARGETED_DEVICE_FAMILY = "1,2";
				TEST_TARGET_NAME = pruebas_orbitas3;
			};
			name = Release;
		};
/* End XCBuildConfiguration section */

/* Begin XCConfigurationList section */
		7F3AE566203D64B80019D0BE /* Build configuration list for PBXProject "pruebas_orbitas3" */ = {
			isa = XCConfigurationList;
			buildConfigurations = (
				7F3AE591203D64B80019D0BE /* Debug */,
				7F3AE592203D64B80019D0BE /* Release */,
			);
			defaultConfigurationIsVisible = 0;
			defaultConfigurationName = Release;
		};
		7F3AE593203D64B80019D0BE /* Build configuration list for PBXNativeTarget "pruebas_orbitas3" */ = {
			isa = XCConfigurationList;
			buildConfigurations = (
				7F3AE594203D64B80019D0BE /* Debug */,
				7F3AE595203D64B80019D0BE /* Release */,
			);
			defaultConfigurationIsVisible = 0;
			defaultConfigurationName = Release;
		};
		7F3AE596203D64B80019D0BE /* Build configuration list for PBXNativeTarget "pruebas_orbitas3Tests" */ = {
			isa = XCConfigurationList;
			buildConfigurations = (
				7F3AE597203D64B80019D0BE /* Debug */,
				7F3AE598203D64B80019D0BE /* Release */,
			);
			defaultConfigurationIsVisible = 0;
			defaultConfigurationName = Release;
		};
		7F3AE599203D64B80019D0BE /* Build configuration list for PBXNativeTarget "pruebas_orbitas3UITests" */ = {
			isa = XCConfigurationList;
			buildConfigurations = (
				7F3AE59A203D64B80019D0BE /* Debug */,
				7F3AE59B203D64B80019D0BE /* Release */,
			);
			defaultConfigurationIsVisible = 0;
			defaultConfigurationName = Release;
		};
/* End XCConfigurationList section */
	};
	rootObject = 7F3AE563203D64B80019D0BE /* Project object */;
}
